Microsoft Visual Studio Solution File, Format Version 12.00
# Visual Studio Version 17
VisualStudioVersion = 17.0.31903.59
MinimumVisualStudioVersion = 10.0.40219.1
Project("{FAE04EC0-301F-11D3-BF4B-00C04F79EFBC}") = "VietAIS.TCFlow.Analyzers.Core", "core/VietAIS.TCFlow.Analyzers.Core.csproj", "{E50A5190-7E97-4BDA-8F2E-D8F59A97FB6F}"
EndProject
Project("{FAE04EC0-301F-11D3-BF4B-00C04F79EFBC}") = "VietAIS.TCFlow.Analyzers.Vue", "vue/VietAIS.TCFlow.Analyzers.Vue.csproj", "{8652F20A-47B4-4A3B-9EDF-8968E8465D22}"
EndProject
Project("{FAE04EC0-301F-11D3-BF4B-00C04F79EFBC}") = "VietAIS.TCFlow.Analyzers.Vue.Tests", "tests/VietAIS.TCFlow.Analyzers.Vue.Tests.csproj", "{E769EEB3-A6F7-4682-A1E3-BFDDBD46DEB1}"
EndProject
Project("{FAE04EC0-301F-11D3-BF4B-00C04F79EFBC}") = "VietAIS.TCFlow.Analyzers.AspNet", "aspnet/VietAIS.TCFlow.Analyzers.AspNet.csproj", "{87D087D0-A3EA-4551-A153-F97248565A4A}"
EndProject
Project("{FAE04EC0-301F-11D3-BF4B-00C04F79EFBC}") = "VietAIS.TCFlow.Analyzers.AspNet.Tests", "tests/aspnet/VietAIS.TCFlow.Analyzers.AspNet.Tests.csproj", "{4C9A9029-E5BC-4216-827F-A3CF86061BC4}"
EndProject
Project("{FAE04EC0-301F-11D3-BF4B-00C04F79EFBC}") = "VietAIS.TCFlow.Analyzers.Marten", "marten/VietAIS.TCFlow.Analyzers.Marten.csproj", "{9F056C7F-D9B1-4A1A-8B74-B765EAE4A145}"
EndProject
Project("{FAE04EC0-301F-11D3-BF4B-00C04F79EFBC}") = "VietAIS.TCFlow.Analyzers.Marten.Tests", "tests/marten/VietAIS.TCFlow.Analyzers.Marten.Tests.csproj", "{67ED8578-A4CA-48A7-A52C-403747740CEB}"
EndProject
Project("{FAE04EC0-301F-11D3-BF4B-00C04F79EFBC}") = "VietAIS.TCFlow.Analyzers.Contracts", "contracts/VietAIS.TCFlow.Analyzers.Contracts.csproj", "{1C4D82B7-9F31-4E1A-8A77-23BE4501C6D2}"
EndProject
Project("{FAE04EC0-301F-11D3-BF4B-00C04F79EFBC}") = "VietAIS.TCFlow.Analyzers.Contracts.Tests", "tests/contracts/VietAIS.TCFlow.Analyzers.Contracts.Tests.csproj", "{75A3F04D-B28E-42E9-A1B7-66C8D94725F3}"
EndProject
Project("{FAE04EC0-301F-11D3-BF4B-00C04F79EFBC}") = "VietAIS.TCFlow.Analyzers.Knowledge", "knowledge/VietAIS.TCFlow.Analyzers.Knowledge.csproj", "{2E91B65A-36D8-41F4-9652-487CB8E3A719}"
EndProject
Project("{FAE04EC0-301F-11D3-BF4B-00C04F79EFBC}") = "VietAIS.TCFlow.Analyzers.Knowledge.Tests", "tests/knowledge/VietAIS.TCFlow.Analyzers.Knowledge.Tests.csproj", "{8D37C021-A7E5-4B3E-BC44-639F0F52A861}"
EndProject
Global
	GlobalSection(SolutionConfigurationPlatforms) = preSolution
		Debug|Any CPU = Debug|Any CPU
		Release|Any CPU = Release|Any CPU
	EndGlobalSection
	GlobalSection(ProjectConfigurationPlatforms) = postSolution
		{E50A5190-7E97-4BDA-8F2E-D8F59A97FB6F}.Debug|Any CPU.ActiveCfg = Debug|Any CPU
		{E50A5190-7E97-4BDA-8F2E-D8F59A97FB6F}.Debug|Any CPU.Build.0 = Debug|Any CPU
		{E50A5190-7E97-4BDA-8F2E-D8F59A97FB6F}.Release|Any CPU.ActiveCfg = Release|Any CPU
		{E50A5190-7E97-4BDA-8F2E-D8F59A97FB6F}.Release|Any CPU.Build.0 = Release|Any CPU
		{8652F20A-47B4-4A3B-9EDF-8968E8465D22}.Debug|Any CPU.ActiveCfg = Debug|Any CPU
		{8652F20A-47B4-4A3B-9EDF-8968E8465D22}.Debug|Any CPU.Build.0 = Debug|Any CPU
		{8652F20A-47B4-4A3B-9EDF-8968E8465D22}.Release|Any CPU.ActiveCfg = Release|Any CPU
		{8652F20A-47B4-4A3B-9EDF-8968E8465D22}.Release|Any CPU.Build.0 = Release|Any CPU
		{E769EEB3-A6F7-4682-A1E3-BFDDBD46DEB1}.Debug|Any CPU.ActiveCfg = Debug|Any CPU
		{E769EEB3-A6F7-4682-A1E3-BFDDBD46DEB1}.Debug|Any CPU.Build.0 = Debug|Any CPU
		{E769EEB3-A6F7-4682-A1E3-BFDDBD46DEB1}.Release|Any CPU.ActiveCfg = Release|Any CPU
		{E769EEB3-A6F7-4682-A1E3-BFDDBD46DEB1}.Release|Any CPU.Build.0 = Release|Any CPU
		{87D087D0-A3EA-4551-A153-F97248565A4A}.Debug|Any CPU.ActiveCfg = Debug|Any CPU
		{87D087D0-A3EA-4551-A153-F97248565A4A}.Debug|Any CPU.Build.0 = Debug|Any CPU
		{87D087D0-A3EA-4551-A153-F97248565A4A}.Release|Any CPU.ActiveCfg = Release|Any CPU
		{87D087D0-A3EA-4551-A153-F97248565A4A}.Release|Any CPU.Build.0 = Release|Any CPU
		{4C9A9029-E5BC-4216-827F-A3CF86061BC4}.Debug|Any CPU.ActiveCfg = Debug|Any CPU
		{4C9A9029-E5BC-4216-827F-A3CF86061BC4}.Debug|Any CPU.Build.0 = Debug|Any CPU
		{4C9A9029-E5BC-4216-827F-A3CF86061BC4}.Release|Any CPU.ActiveCfg = Release|Any CPU
		{4C9A9029-E5BC-4216-827F-A3CF86061BC4}.Release|Any CPU.Build.0 = Release|Any CPU
		{9F056C7F-D9B1-4A1A-8B74-B765EAE4A145}.Debug|Any CPU.ActiveCfg = Debug|Any CPU
		{9F056C7F-D9B1-4A1A-8B74-B765EAE4A145}.Debug|Any CPU.Build.0 = Debug|Any CPU
		{9F056C7F-D9B1-4A1A-8B74-B765EAE4A145}.Release|Any CPU.ActiveCfg = Release|Any CPU
		{9F056C7F-D9B1-4A1A-8B74-B765EAE4A145}.Release|Any CPU.Build.0 = Release|Any CPU
		{67ED8578-A4CA-48A7-A52C-403747740CEB}.Debug|Any CPU.ActiveCfg = Debug|Any CPU
		{67ED8578-A4CA-48A7-A52C-403747740CEB}.Debug|Any CPU.Build.0 = Debug|Any CPU
		{67ED8578-A4CA-48A7-A52C-403747740CEB}.Release|Any CPU.ActiveCfg = Release|Any CPU
		{67ED8578-A4CA-48A7-A52C-403747740CEB}.Release|Any CPU.Build.0 = Release|Any CPU
		{1C4D82B7-9F31-4E1A-8A77-23BE4501C6D2}.Debug|Any CPU.ActiveCfg = Debug|Any CPU
		{1C4D82B7-9F31-4E1A-8A77-23BE4501C6D2}.Debug|Any CPU.Build.0 = Debug|Any CPU
		{1C4D82B7-9F31-4E1A-8A77-23BE4501C6D2}.Release|Any CPU.ActiveCfg = Release|Any CPU
		{1C4D82B7-9F31-4E1A-8A77-23BE4501C6D2}.Release|Any CPU.Build.0 = Release|Any CPU
		{75A3F04D-B28E-42E9-A1B7-66C8D94725F3}.Debug|Any CPU.ActiveCfg = Debug|Any CPU
		{75A3F04D-B28E-42E9-A1B7-66C8D94725F3}.Debug|Any CPU.Build.0 = Debug|Any CPU
		{75A3F04D-B28E-42E9-A1B7-66C8D94725F3}.Release|Any CPU.ActiveCfg = Release|Any CPU
		{75A3F04D-B28E-42E9-A1B7-66C8D94725F3}.Release|Any CPU.Build.0 = Release|Any CPU
		{2E91B65A-36D8-41F4-9652-487CB8E3A719}.Debug|Any CPU.ActiveCfg = Debug|Any CPU
		{2E91B65A-36D8-41F4-9652-487CB8E3A719}.Debug|Any CPU.Build.0 = Debug|Any CPU
		{2E91B65A-36D8-41F4-9652-487CB8E3A719}.Release|Any CPU.ActiveCfg = Release|Any CPU
		{2E91B65A-36D8-41F4-9652-487CB8E3A719}.Release|Any CPU.Build.0 = Release|Any CPU
		{8D37C021-A7E5-4B3E-BC44-639F0F52A861}.Debug|Any CPU.ActiveCfg = Debug|Any CPU
		{8D37C021-A7E5-4B3E-BC44-639F0F52A861}.Debug|Any CPU.Build.0 = Debug|Any CPU
		{8D37C021-A7E5-4B3E-BC44-639F0F52A861}.Release|Any CPU.ActiveCfg = Release|Any CPU
		{8D37C021-A7E5-4B3E-BC44-639F0F52A861}.Release|Any CPU.Build.0 = Release|Any CPU
	EndGlobalSection
EndGlobal
